
Microsoft Visual Studio Solution File, Format Version 12.00
# Visual Studio 15
VisualStudioVersion = 15.0.28010.2041
MinimumVisualStudioVersion = 10.0.40219.1
Project("{262852C6-CD72-467D-83FE-5EEB1973A190}") = "Dot2Dot", "Dot2Dot\Dot2Dot.jsproj", "{F51268E3-6A22-44D3-AE05-157E48B662A2}"
EndProject
Global
	GlobalSection(SolutionConfigurationPlatforms) = preSolution
		Debug|Android = Debug|Android
		Debug|iOS = Debug|iOS
		Debug|Windows-ARM = Debug|Windows-ARM
		Debug|Windows-x64 = Debug|Windows-x64
		Debug|Windows-x86 = Debug|Windows-x86
		Release|Android = Release|Android
		Release|iOS = Release|iOS
		Release|Windows-ARM = Release|Windows-ARM
		Release|Windows-x64 = Release|Windows-x64
		Release|Windows-x86 = Release|Windows-x86
	EndGlobalSection
	GlobalSection(ProjectConfigurationPlatforms) = postSolution
		{F51268E3-6A22-44D3-AE05-157E48B662A2}.Debug|Android.ActiveCfg = Debug|Android
		{F51268E3-6A22-44D3-AE05-157E48B662A2}.Debug|Android.Build.0 = Debug|Android
		{F51268E3-6A22-44D3-AE05-157E48B662A2}.Debug|Android.Deploy.0 = Debug|Android
		{F51268E3-6A22-44D3-AE05-157E48B662A2}.Debug|iOS.ActiveCfg = Debug|iOS
		{F51268E3-6A22-44D3-AE05-157E48B662A2}.Debug|iOS.Build.0 = Debug|iOS
		{F51268E3-6A22-44D3-AE05-157E48B662A2}.Debug|iOS.Deploy.0 = Debug|iOS
		{F51268E3-6A22-44D3-AE05-157E48B662A2}.Debug|Windows-ARM.ActiveCfg = Debug|Windows-ARM
		{F51268E3-6A22-44D3-AE05-157E48B662A2}.Debug|Windows-ARM.Build.0 = Debug|Windows-ARM
		{F51268E3-6A22-44D3-AE05-157E48B662A2}.Debug|Windows-ARM.Deploy.0 = Debug|Windows-ARM
		{F51268E3-6A22-44D3-AE05-157E48B662A2}.Debug|Windows-x64.ActiveCfg = Debug|Windows-x64
		{F51268E3-6A22-44D3-AE05-157E48B662A2}.Debug|Windows-x64.Build.0 = Debug|Windows-x64
		{F51268E3-6A22-44D3-AE05-157E48B662A2}.Debug|Windows-x64.Deploy.0 = Debug|Windows-x64
		{F51268E3-6A22-44D3-AE05-157E48B662A2}.Debug|Windows-x86.ActiveCfg = Debug|Windows-x86
		{F51268E3-6A22-44D3-AE05-157E48B662A2}.Debug|Windows-x86.Build.0 = Debug|Windows-x86
		{F51268E3-6A22-44D3-AE05-157E48B662A2}.Debug|Windows-x86.Deploy.0 = Debug|Windows-x86
		{F51268E3-6A22-44D3-AE05-157E48B662A2}.Release|Android.ActiveCfg = Release|Android
		{F51268E3-6A22-44D3-AE05-157E48B662A2}.Release|Android.Build.0 = Release|Android
		{F51268E3-6A22-44D3-AE05-157E48B662A2}.Release|Android.Deploy.0 = Release|Android
		{F51268E3-6A22-44D3-AE05-157E48B662A2}.Release|iOS.ActiveCfg = Release|iOS
		{F51268E3-6A22-44D3-AE05-157E48B662A2}.Release|iOS.Build.0 = Release|iOS
		{F51268E3-6A22-44D3-AE05-157E48B662A2}.Release|iOS.Deploy.0 = Release|iOS
		{F51268E3-6A22-44D3-AE05-157E48B662A2}.Release|Windows-ARM.ActiveCfg = Release|Windows-ARM
		{F51268E3-6A22-44D3-AE05-157E48B662A2}.Release|Windows-ARM.Build.0 = Release|Windows-ARM
		{F51268E3-6A22-44D3-AE05-157E48B662A2}.Release|Windows-ARM.Deploy.0 = Release|Windows-ARM
		{F51268E3-6A22-44D3-AE05-157E48B662A2}.Release|Windows-x64.ActiveCfg = Release|Windows-x64
		{F51268E3-6A22-44D3-AE05-157E48B662A2}.Release|Windows-x64.Build.0 = Release|Windows-x64
		{F51268E3-6A22-44D3-AE05-157E48B662A2}.Release|Windows-x64.Deploy.0 = Release|Windows-x64
		{F51268E3-6A22-44D3-AE05-157E48B662A2}.Release|Windows-x86.ActiveCfg = Release|Windows-x86
		{F51268E3-6A22-44D3-AE05-157E48B662A2}.Release|Windows-x86.Build.0 = Release|Windows-x86
		{F51268E3-6A22-44D3-AE05-157E48B662A2}.Release|Windows-x86.Deploy.0 = Release|Windows-x86
	EndGlobalSection
	GlobalSection(SolutionProperties) = preSolution
		HideSolutionNode = FALSE
	EndGlobalSection
	GlobalSection(ExtensibilityGlobals) = postSolution
		SolutionGuid = {D86CA9EE-7DA7-41CD-BB03-43C207D6CE74}
	EndGlobalSection
EndGlobal
